{
  "name": "Proyecto-biblioteca",
  "lockfileVersion": 2,
  "requires": true,
  "packages": {
    "": {
      "dependencies": {
        "vue-fullpage.js": "^0.1.7"
      }
    },
    "node_modules/fullpage.js": {
      "version": "3.1.2",
      "resolved": "https://registry.npmjs.org/fullpage.js/-/fullpage.js-3.1.2.tgz",
      "integrity": "sha512-hv7z6xhbg2StTp1UDq2hi+0oHjhT7cW3zCL3qCIJ3ood5pN0FRBQ2YKIOUobhsp4ATSQlr6sZ2TOcS+Ha+T7Cg=="
    },
    "node_modules/vue": {
      "version": "2.6.14",
      "resolved": "https://registry.npmjs.org/vue/-/vue-2.6.14.tgz",
      "integrity": "sha512-x2284lgYvjOMj3Za7kqzRcUSxBboHqtgRE2zlos1qWaOye5yUmHn42LB1250NJBLRwEcdrB0JRwyPTEPhfQjiQ==",
      "peer": true
    },
    "node_modules/vue-fullpage.js": {
      "version": "0.1.7",
      "resolved": "https://registry.npmjs.org/vue-fullpage.js/-/vue-fullpage.js-0.1.7.tgz",
      "integrity": "sha512-dApXyMrAPhikXbl5ngXALvetsIZCOf+ug9kvcvVSQkOoG9yh9stq5PQYMz/A1yIBVUx1yE9/3cK3VP6rl26V1A==",
      "dependencies": {
        "fullpage.js": "^3.1.0"
      },
      "peerDependencies": {
        "vue": "^2.3.0"
      }
    }
  },
  "dependencies": {
    "fullpage.js": {
      "version": "3.1.2",
      "resolved": "https://registry.npmjs.org/fullpage.js/-/fullpage.js-3.1.2.tgz",
      "integrity": "sha512-hv7z6xhbg2StTp1UDq2hi+0oHjhT7cW3zCL3qCIJ3ood5pN0FRBQ2YKIOUobhsp4ATSQlr6sZ2TOcS+Ha+T7Cg=="
    },
    "vue": {
      "version": "2.6.14",
      "resolved": "https://registry.npmjs.org/vue/-/vue-2.6.14.tgz",
      "integrity": "sha512-x2284lgYvjOMj3Za7kqzRcUSxBboHqtgRE2zlos1qWaOye5yUmHn42LB1250NJBLRwEcdrB0JRwyPTEPhfQjiQ==",
      "peer": true
    },
    "vue-fullpage.js": {
      "version": "0.1.7",
      "resolved": "https://registry.npmjs.org/vue-fullpage.js/-/vue-fullpage.js-0.1.7.tgz",
      "integrity": "sha512-dApXyMrAPhikXbl5ngXALvetsIZCOf+ug9kvcvVSQkOoG9yh9stq5PQYMz/A1yIBVUx1yE9/3cK3VP6rl26V1A==",
      "requires": {
        "fullpage.js": "^3.1.0"
      }
    }
  }
}
